// !$*UTF8*$!
{
	archiveVersion = 1;
	classes = {
	};
	objectVersion = 55;
	objects = {

/* Begin PBXBuildFile section */
		4868E28D27798BD70097360D /* MemeCollectionViewController.swift in Sources */ = {isa = PBXBuildFile; fileRef = 4868E28C27798BD70097360D /* MemeCollectionViewController.swift */; };
		4868E28F277996C60097360D /* MemeTableViewController.swift in Sources */ = {isa = PBXBuildFile; fileRef = 4868E28E277996C60097360D /* MemeTableViewController.swift */; };
		4868E291277A4F430097360D /* Meme.swift in Sources */ = {isa = PBXBuildFile; fileRef = 4868E290277A4F420097360D /* Meme.swift */; };
		4868E293277A7FE80097360D /* MemeCollectionViewCell.swift in Sources */ = {isa = PBXBuildFile; fileRef = 4868E292277A7FE80097360D /* MemeCollectionViewCell.swift */; };
		4868E295277A96670097360D /* MemeTableViewCell.swift in Sources */ = {isa = PBXBuildFile; fileRef = 4868E294277A96670097360D /* MemeTableViewCell.swift */; };
		4868E297277AC4660097360D /* ShowImageViewController.swift in Sources */ = {isa = PBXBuildFile; fileRef = 4868E296277AC4660097360D /* ShowImageViewController.swift */; };
		48F8F964277304FD003EC0D8 /* AppDelegate.swift in Sources */ = {isa = PBXBuildFile; fileRef = 48F8F963277304FD003EC0D8 /* AppDelegate.swift */; };
		48F8F966277304FD003EC0D8 /* SceneDelegate.swift in Sources */ = {isa = PBXBuildFile; fileRef = 48F8F965277304FD003EC0D8 /* SceneDelegate.swift */; };
		48F8F968277304FD003EC0D8 /* ViewController.swift in Sources */ = {isa = PBXBuildFile; fileRef = 48F8F967277304FD003EC0D8 /* ViewController.swift */; };
		48F8F96B277304FD003EC0D8 /* Main.storyboard in Resources */ = {isa = PBXBuildFile; fileRef = 48F8F969277304FD003EC0D8 /* Main.storyboard */; };
		48F8F96D277304FF003EC0D8 /* Assets.xcassets in Resources */ = {isa = PBXBuildFile; fileRef = 48F8F96C277304FF003EC0D8 /* Assets.xcassets */; };
		48F8F970277304FF003EC0D8 /* LaunchScreen.storyboard in Resources */ = {isa = PBXBuildFile; fileRef = 48F8F96E277304FF003EC0D8 /* LaunchScreen.storyboard */; };
/* End PBXBuildFile section */

/* Begin PBXFileReference section */
		4868E28C27798BD70097360D /* MemeCollectionViewController.swift */ = {isa = PBXFileReference; lastKnownFileType = sourcecode.swift; path = MemeCollectionViewController.swift; sourceTree = "<group>"; };
		4868E28E277996C60097360D /* MemeTableViewController.swift */ = {isa = PBXFileReference; lastKnownFileType = sourcecode.swift; path = MemeTableViewController.swift; sourceTree = "<group>"; };
		4868E290277A4F420097360D /* Meme.swift */ = {isa = PBXFileReference; lastKnownFileType = sourcecode.swift; path = Meme.swift; sourceTree = "<group>"; };
		4868E292277A7FE80097360D /* MemeCollectionViewCell.swift */ = {isa = PBXFileReference; lastKnownFileType = sourcecode.swift; path = MemeCollectionViewCell.swift; sourceTree = "<group>"; };
		4868E294277A96670097360D /* MemeTableViewCell.swift */ = {isa = PBXFileReference; lastKnownFileType = sourcecode.swift; path = MemeTableViewCell.swift; sourceTree = "<group>"; };
		4868E296277AC4660097360D /* ShowImageViewController.swift */ = {isa = PBXFileReference; lastKnownFileType = sourcecode.swift; path = ShowImageViewController.swift; sourceTree = "<group>"; };
		48F8F960277304FD003EC0D8 /* MeMe1.0.app */ = {isa = PBXFileReference; explicitFileType = wrapper.application; includeInIndex = 0; path = MeMe1.0.app; sourceTree = BUILT_PRODUCTS_DIR; };
		48F8F963277304FD003EC0D8 /* AppDelegate.swift */ = {isa = PBXFileReference; lastKnownFileType = sourcecode.swift; path = AppDelegate.swift; sourceTree = "<group>"; };
		48F8F965277304FD003EC0D8 /* SceneDelegate.swift */ = {isa = PBXFileReference; lastKnownFileType = sourcecode.swift; path = SceneDelegate.swift; sourceTree = "<group>"; };
		48F8F967277304FD003EC0D8 /* ViewController.swift */ = {isa = PBXFileReference; lastKnownFileType = sourcecode.swift; path = ViewController.swift; sourceTree = "<group>"; };
		48F8F96A277304FD003EC0D8 /* Base */ = {isa = PBXFileReference; lastKnownFileType = file.storyboard; name = Base; path = Base.lproj/Main.storyboard; sourceTree = "<group>"; };
		48F8F96C277304FF003EC0D8 /* Assets.xcassets */ = {isa = PBXFileReference; lastKnownFileType = folder.assetcatalog; path = Assets.xcassets; sourceTree = "<group>"; };
		48F8F96F277304FF003EC0D8 /* Base */ = {isa = PBXFileReference; lastKnownFileType = file.storyboard; name = Base; path = Base.lproj/LaunchScreen.storyboard; sourceTree = "<group>"; };
		48F8F971277304FF003EC0D8 /* Info.plist */ = {isa = PBXFileReference; lastKnownFileType = text.plist.xml; path = Info.plist; sourceTree = "<group>"; };
/* End PBXFileReference section */

/* Begin PBXFrameworksBuildPhase section */
		48F8F95D277304FD003EC0D8 /* Frameworks */ = {
			isa = PBXFrameworksBuildPhase;
			buildActionMask = 2147483647;
			files = (
			);
			runOnlyForDeploymentPostprocessing = 0;
		};
/* End PBXFrameworksBuildPhase section */

/* Begin PBXGroup section */
		48F8F957277304FD003EC0D8 = {
			isa = PBXGroup;
			children = (
				48F8F962277304FD003EC0D8 /* MeMe1.0 */,
				48F8F961277304FD003EC0D8 /* Products */,
			);
			sourceTree = "<group>";
		};
		48F8F961277304FD003EC0D8 /* Products */ = {
			isa = PBXGroup;
			children = (
				48F8F960277304FD003EC0D8 /* MeMe1.0.app */,
			);
			name = Products;
			sourceTree = "<group>";
		};
		48F8F962277304FD003EC0D8 /* MeMe1.0 */ = {
			isa = PBXGroup;
			children = (
				48F8F963277304FD003EC0D8 /* AppDelegate.swift */,
				48F8F965277304FD003EC0D8 /* SceneDelegate.swift */,
				48F8F967277304FD003EC0D8 /* ViewController.swift */,
				4868E28E277996C60097360D /* MemeTableViewController.swift */,
				4868E294277A96670097360D /* MemeTableViewCell.swift */,
				4868E28C27798BD70097360D /* MemeCollectionViewController.swift */,
				4868E292277A7FE80097360D /* MemeCollectionViewCell.swift */,
				4868E296277AC4660097360D /* ShowImageViewController.swift */,
				4868E290277A4F420097360D /* Meme.swift */,
				48F8F969277304FD003EC0D8 /* Main.storyboard */,
				48F8F96C277304FF003EC0D8 /* Assets.xcassets */,
				48F8F96E277304FF003EC0D8 /* LaunchScreen.storyboard */,
				48F8F971277304FF003EC0D8 /* Info.plist */,
			);
			path = MeMe1.0;
			sourceTree = "<group>";
		};
/* End PBXGroup section */

/* Begin PBXNativeTarget section */
		48F8F95F277304FD003EC0D8 /* MeMe1.0 */ = {
			isa = PBXNativeTarget;
			buildConfigurationList = 48F8F974277304FF003EC0D8 /* Build configuration list for PBXNativeTarget "MeMe1.0" */;
			buildPhases = (
				48F8F95C277304FD003EC0D8 /* Sources */,
				48F8F95D277304FD003EC0D8 /* Frameworks */,
				48F8F95E277304FD003EC0D8 /* Resources */,
			);
			buildRules = (
			);
			dependencies = (
			);
			name = MeMe1.0;
			productName = MeMe1.0;
			productReference = 48F8F960277304FD003EC0D8 /* MeMe1.0.app */;
			productType = "com.apple.product-type.application";
		};
/* End PBXNativeTarget section */

/* Begin PBXProject section */
		48F8F958277304FD003EC0D8 /* Project object */ = {
			isa = PBXProject;
			attributes = {
				BuildIndependentTargetsInParallel = 1;
				LastSwiftUpdateCheck = 1310;
				LastUpgradeCheck = 1310;
				TargetAttributes = {
					48F8F95F277304FD003EC0D8 = {
						CreatedOnToolsVersion = 13.1;
					};
				};
			};
			buildConfigurationList = 48F8F95B277304FD003EC0D8 /* Build configuration list for PBXProject "MeMe1.0" */;
			compatibilityVersion = "Xcode 13.0";
			developmentRegion = en;
			hasScannedForEncodings = 0;
			knownRegions = (
				en,
				Base,
			);
			mainGroup = 48F8F957277304FD003EC0D8;
			productRefGroup = 48F8F961277304FD003EC0D8 /* Products */;
			projectDirPath = "";
			projectRoot = "";
			targets = (
				48F8F95F277304FD003EC0D8 /* MeMe1.0 */,
			);
		};
/* End PBXProject section */

/* Begin PBXResourcesBuildPhase section */
		48F8F95E277304FD003EC0D8 /* Resources */ = {
			isa = PBXResourcesBuildPhase;
			buildActionMask = 2147483647;
			files = (
				48F8F970277304FF003EC0D8 /* LaunchScreen.storyboard in Resources */,
				48F8F96D277304FF003EC0D8 /* Assets.xcassets in Resources */,
				48F8F96B277304FD003EC0D8 /* Main.storyboard in Resources */,
			);
			runOnlyForDeploymentPostprocessing = 0;
		};
/* End PBXResourcesBuildPhase section */

/* Begin PBXSourcesBuildPhase section */
		48F8F95C277304FD003EC0D8 /* Sources */ = {
			isa = PBXSourcesBuildPhase;
			buildActionMask = 2147483647;
			files = (
				4868E28D27798BD70097360D /* MemeCollectionViewController.swift in Sources */,
				4868E295277A96670097360D /* MemeTableViewCell.swift in Sources */,
				48F8F968277304FD003EC0D8 /* ViewController.swift in Sources */,
				48F8F964277304FD003EC0D8 /* AppDelegate.swift in Sources */,
				4868E291277A4F430097360D /* Meme.swift in Sources */,
				4868E293277A7FE80097360D /* MemeCollectionViewCell.swift in Sources */,
				4868E28F277996C60097360D /* MemeTableViewController.swift in Sources */,
				4868E297277AC4660097360D /* ShowImageViewController.swift in Sources */,
				48F8F966277304FD003EC0D8 /* SceneDelegate.swift in Sources */,
			);
			runOnlyForDeploymentPostprocessing = 0;
		};
/* End PBXSourcesBuildPhase section */

/* Begin PBXVariantGroup section */
		48F8F969277304FD003EC0D8 /* Main.storyboard */ = {
			isa = PBXVariantGroup;
			children = (
				48F8F96A277304FD003EC0D8 /* Base */,
			);
			name = Main.storyboard;
			sourceTree = "<group>";
		};
		48F8F96E277304FF003EC0D8 /* LaunchScreen.storyboard */ = {
			isa = PBXVariantGroup;
			children = (
				48F8F96F277304FF003EC0D8 /* Base */,
			);
			name = LaunchScreen.storyboard;
			sourceTree = "<group>";
		};
/* End PBXVariantGroup section */

/* Begin XCBuildConfiguration section */
		48F8F972277304FF003EC0D8 /* Debug */ = {
			isa = XCBuildConfiguration;
			buildSettings = {
				ALWAYS_SEARCH_USER_PATHS = NO;
				CLANG_ANALYZER_NONNULL = YES;
				CLANG_ANALYZER_NUMBER_OBJECT_CONVERSION = YES_AGGRESSIVE;
				CLANG_CXX_LANGUAGE_STANDARD = "gnu++17";
				CLANG_CXX_LIBRARY = "libc++";
				CLANG_ENABLE_MODULES = YES;
				CLANG_ENABLE_OBJC_ARC = YES;
				CLANG_ENABLE_OBJC_WEAK = YES;
				CLANG_WARN_BLOCK_CAPTURE_AUTORELEASING = YES;
				CLANG_WARN_BOOL_CONVERSION = YES;
				CLANG_WARN_COMMA = YES;
				CLANG_WARN_CONSTANT_CONVERSION = YES;
				CLANG_WARN_DEPRECATED_OBJC_IMPLEMENTATIONS = YES;
				CLANG_WARN_DIRECT_OBJC_ISA_USAGE = YES_ERROR;
				CLANG_WARN_DOCUMENTATION_COMMENTS = YES;
				CLANG_WARN_EMPTY_BODY = YES;
				CLANG_WARN_ENUM_CONVERSION = YES;
				CLANG_WARN_INFINITE_RECURSION = YES;
				CLANG_WARN_INT_CONVERSION = YES;
				CLANG_WARN_NON_LITERAL_NULL_CONVERSION = YES;
				CLANG_WARN_OBJC_IMPLICIT_RETAIN_SELF = YES;
				CLANG_WARN_OBJC_LITERAL_CONVERSION = YES;
				CLANG_WARN_OBJC_ROOT_CLASS = YES_ERROR;
				CLANG_WARN_QUOTED_INCLUDE_IN_FRAMEWORK_HEADER = YES;
				CLANG_WARN_RANGE_LOOP_ANALYSIS = YES;
				CLANG_WARN_STRICT_PROTOTYPES = YES;
				CLANG_WARN_SUSPICIOUS_MOVE = YES;
				CLANG_WARN_UNGUARDED_AVAILABILITY = YES_AGGRESSIVE;
				CLANG_WARN_UNREACHABLE_CODE = YES;
				CLANG_WARN__DUPLICATE_METHOD_MATCH = YES;
				COPY_PHASE_STRIP = NO;
				DEBUG_INFORMATION_FORMAT = dwarf;
				ENABLE_STRICT_OBJC_MSGSEND = YES;
				ENABLE_TESTABILITY = YES;
				GCC_C_LANGUAGE_STANDARD = gnu11;
				GCC_DYNAMIC_NO_PIC = NO;
				GCC_NO_COMMON_BLOCKS = YES;
				GCC_OPTIMIZATION_LEVEL = 0;
				GCC_PREPROCESSOR_DEFINITIONS = (
					"DEBUG=1",
					"$(inherited)",
				);
				GCC_WARN_64_TO_32_BIT_CONVERSION = YES;
				GCC_WARN_ABOUT_RETURN_TYPE = YES_ERROR;
				GCC_WARN_UNDECLARED_SELECTOR = YES;
				GCC_WARN_UNINITIALIZED_AUTOS = YES_AGGRESSIVE;
				GCC_WARN_UNUSED_FUNCTION = YES;
				GCC_WARN_UNUSED_VARIABLE = YES;
				IPHONEOS_DEPLOYMENT_TARGET = 15.0;
				MTL_ENABLE_DEBUG_INFO = INCLUDE_SOURCE;
				MTL_FAST_MATH = YES;
				ONLY_ACTIVE_ARCH = YES;
				SDKROOT = iphoneos;
				SWIFT_ACTIVE_COMPILATION_CONDITIONS = DEBUG;
				SWIFT_OPTIMIZATION_LEVEL = "-Onone";
			};
			name = Debug;
		};
		48F8F973277304FF003EC0D8 /* Release */ = {
			isa = XCBuildConfiguration;
			buildSettings = {
				ALWAYS_SEARCH_USER_PATHS = NO;
				CLANG_ANALYZER_NONNULL = YES;
				CLANG_ANALYZER_NUMBER_OBJECT_CONVERSION = YES_AGGRESSIVE;
				CLANG_CXX_LANGUAGE_STANDARD = "gnu++17";
				CLANG_CXX_LIBRARY = "libc++";
				CLANG_ENABLE_MODULES = YES;
				CLANG_ENABLE_OBJC_ARC = YES;
				CLANG_ENABLE_OBJC_WEAK = YES;
				CLANG_WARN_BLOCK_CAPTURE_AUTORELEASING = YES;
				CLANG_WARN_BOOL_CONVERSION = YES;
				CLANG_WARN_COMMA = YES;
				CLANG_WARN_CONSTANT_CONVERSION = YES;
				CLANG_WARN_DEPRECATED_OBJC_IMPLEMENTATIONS = YES;
				CLANG_WARN_DIRECT_OBJC_ISA_USAGE = YES_ERROR;
				CLANG_WARN_DOCUMENTATION_COMMENTS = YES;
				CLANG_WARN_EMPTY_BODY = YES;
				CLANG_WARN_ENUM_CONVERSION = YES;
				CLANG_WARN_INFINITE_RECURSION = YES;
				CLANG_WARN_INT_CONVERSION = YES;
				CLANG_WARN_NON_LITERAL_NULL_CONVERSION = YES;
				CLANG_WARN_OBJC_IMPLICIT_RETAIN_SELF = YES;
				CLANG_WARN_OBJC_LITERAL_CONVERSION = YES;
				CLANG_WARN_OBJC_ROOT_CLASS = YES_ERROR;
				CLANG_WARN_QUOTED_INCLUDE_IN_FRAMEWORK_HEADER = YES;
				CLANG_WARN_RANGE_LOOP_ANALYSIS = YES;
				CLANG_WARN_STRICT_PROTOTYPES = YES;
				CLANG_WARN_SUSPICIOUS_MOVE = YES;
				CLANG_WARN_UNGUARDED_AVAILABILITY = YES_AGGRESSIVE;
				CLANG_WARN_UNREACHABLE_CODE = YES;
				CLANG_WARN__DUPLICATE_METHOD_MATCH = YES;
				COPY_PHASE_STRIP = NO;
				DEBUG_INFORMATION_FORMAT = "dwarf-with-dsym";
				ENABLE_NS_ASSERTIONS = NO;
				ENABLE_STRICT_OBJC_MSGSEND = YES;
				GCC_C_LANGUAGE_STANDARD = gnu11;
				GCC_NO_COMMON_BLOCKS = YES;
				GCC_WARN_64_TO_32_BIT_CONVERSION = YES;
				GCC_WARN_ABOUT_RETURN_TYPE = YES_ERROR;
				GCC_WARN_UNDECLARED_SELECTOR = YES;
				GCC_WARN_UNINITIALIZED_AUTOS = YES_AGGRESSIVE;
				GCC_WARN_UNUSED_FUNCTION = YES;
				GCC_WARN_UNUSED_VARIABLE = YES;
				IPHONEOS_DEPLOYMENT_TARGET = 15.0;
				MTL_ENABLE_DEBUG_INFO = NO;
				MTL_FAST_MATH = YES;
				SDKROOT = iphoneos;
				SWIFT_COMPILATION_MODE = wholemodule;
				SWIFT_OPTIMIZATION_LEVEL = "-O";
				VALIDATE_PRODUCT = YES;
			};
			name = Release;
		};
		48F8F975277304FF003EC0D8 /* Debug */ = {
			isa = XCBuildConfiguration;
			buildSettings = {
				ASSETCATALOG_COMPILER_APPICON_NAME = AppIcon;
				ASSETCATALOG_COMPILER_GLOBAL_ACCENT_COLOR_NAME = AccentColor;
				CODE_SIGN_STYLE = Automatic;
				CURRENT_PROJECT_VERSION = 1;
				DEVELOPMENT_TEAM = 8KPRCCBMA5;
				GENERATE_INFOPLIST_FILE = YES;
				INFOPLIST_FILE = MeMe1.0/Info.plist;
				INFOPLIST_KEY_UIApplicationSupportsIndirectInputEvents = YES;
				INFOPLIST_KEY_UILaunchStoryboardName = LaunchScreen;
				INFOPLIST_KEY_UIMainStoryboardFile = Main;
				INFOPLIST_KEY_UISupportedInterfaceOrientations_iPad = "UIInterfaceOrientationPortrait UIInterfaceOrientationPortraitUpsideDown UIInterfaceOrientationLandscapeLeft UIInterfaceOrientationLandscapeRight";
				INFOPLIST_KEY_UISupportedInterfaceOrientations_iPhone = "UIInterfaceOrientationPortrait UIInterfaceOrientationLandscapeLeft UIInterfaceOrientationLandscapeRight";
				LD_RUNPATH_SEARCH_PATHS = (
					"$(inherited)",
					"@executable_path/Frameworks",
				);
				MARKETING_VERSION = 1.0;
				PRODUCT_BUNDLE_IDENTIFIER = "Maverick.MeMe1-0";
				PRODUCT_NAME = "$(TARGET_NAME)";
				SWIFT_EMIT_LOC_STRINGS = YES;
				SWIFT_VERSION = 5.0;
				TARGETED_DEVICE_FAMILY = "1,2";
			};
			name = Debug;
		};
		48F8F976277304FF003EC0D8 /* Release */ = {
			isa = XCBuildConfiguration;
			buildSettings = {
				ASSETCATALOG_COMPILER_APPICON_NAME = AppIcon;
				ASSETCATALOG_COMPILER_GLOBAL_ACCENT_COLOR_NAME = AccentColor;
				CODE_SIGN_STYLE = Automatic;
				CURRENT_PROJECT_VERSION = 1;
				DEVELOPMENT_TEAM = 8KPRCCBMA5;
				GENERATE_INFOPLIST_FILE = YES;
				INFOPLIST_FILE = MeMe1.0/Info.plist;
				INFOPLIST_KEY_UIApplicationSupportsIndirectInputEvents = YES;
				INFOPLIST_KEY_UILaunchStoryboardName = LaunchScreen;
				INFOPLIST_KEY_UIMainStoryboardFile = Main;
				INFOPLIST_KEY_UISupportedInterfaceOrientations_iPad = "UIInterfaceOrientationPortrait UIInterfaceOrientationPortraitUpsideDown UIInterfaceOrientationLandscapeLeft UIInterfaceOrientationLandscapeRight";
				INFOPLIST_KEY_UISupportedInterfaceOrientations_iPhone = "UIInterfaceOrientationPortrait UIInterfaceOrientationLandscapeLeft UIInterfaceOrientationLandscapeRight";
				LD_RUNPATH_SEARCH_PATHS = (
					"$(inherited)",
					"@executable_path/Frameworks",
				);
				MARKETING_VERSION = 1.0;
				PRODUCT_BUNDLE_IDENTIFIER = "Maverick.MeMe1-0";
				PRODUCT_NAME = "$(TARGET_NAME)";
				SWIFT_EMIT_LOC_STRINGS = YES;
				SWIFT_VERSION = 5.0;
				TARGETED_DEVICE_FAMILY = "1,2";
			};
			name = Release;
		};
/* End XCBuildConfiguration section */

/* Begin XCConfigurationList section */
		48F8F95B277304FD003EC0D8 /* Build configuration list for PBXProject "MeMe1.0" */ = {
			isa = XCConfigurationList;
			buildConfigurations = (
				48F8F972277304FF003EC0D8 /* Debug */,
				48F8F973277304FF003EC0D8 /* Release */,
			);
			defaultConfigurationIsVisible = 0;
			defaultConfigurationName = Release;
		};
		48F8F974277304FF003EC0D8 /* Build configuration list for PBXNativeTarget "MeMe1.0" */ = {
			isa = XCConfigurationList;
			buildConfigurations = (
				48F8F975277304FF003EC0D8 /* Debug */,
				48F8F976277304FF003EC0D8 /* Release */,
			);
			defaultConfigurationIsVisible = 0;
			defaultConfigurationName = Release;
		};
/* End XCConfigurationList section */
	};
	rootObject = 48F8F958277304FD003EC0D8 /* Project object */;
}
